
Microsoft Visual Studio Solution File, Format Version 12.00
# Visual Studio 15
VisualStudioVersion = 15.0.28307.1500
MinimumVisualStudioVersion = 10.0.40219.1
Project("{FAE04EC0-301F-11D3-BF4B-00C04F79EFBC}") = "Лабораторна4_ООП", "Лабораторна4_ООП\Лабораторна4_ООП.csproj", "{453C9386-701C-4B65-A767-6FD001FDA613}"
EndProject
Global
	GlobalSection(SolutionConfigurationPlatforms) = preSolution
		Debug|Any CPU = Debug|Any CPU
		Release|Any CPU = Release|Any CPU
	EndGlobalSection
	GlobalSection(ProjectConfigurationPlatforms) = postSolution
		{453C9386-701C-4B65-A767-6FD001FDA613}.Debug|Any CPU.ActiveCfg = Debug|Any CPU
		{453C9386-701C-4B65-A767-6FD001FDA613}.Debug|Any CPU.Build.0 = Debug|Any CPU
		{453C9386-701C-4B65-A767-6FD001FDA613}.Release|Any CPU.ActiveCfg = Release|Any CPU
		{453C9386-701C-4B65-A767-6FD001FDA613}.Release|Any CPU.Build.0 = Release|Any CPU
	EndGlobalSection
	GlobalSection(SolutionProperties) = preSolution
		HideSolutionNode = FALSE
	EndGlobalSection
	GlobalSection(ExtensibilityGlobals) = postSolution
		SolutionGuid = {19BE066A-FE70-4CA3-BFEA-0EE11E09FC0C}
	EndGlobalSection
EndGlobal
